
Microsoft Visual Studio Solution File, Format Version 12.00
# Visual Studio Version 16
VisualStudioVersion = 16.0.31025.218
MinimumVisualStudioVersion = 10.0.40219.1
Project("{8BC9CEB8-8B4A-11D0-8D11-00A0C91BC942}") = "CoordsRTC", "CoordsRTC\CoordsRTC.vcxproj", "{899E6F17-3489-4A0B-B73E-4B7421C62DFD}"
EndProject
Global
	GlobalSection(SolutionConfigurationPlatforms) = preSolution
		Debug|ARM = Debug|ARM
		Debug|ARM64 = Debug|ARM64
		Debug|x64 = Debug|x64
		Debug|x86 = Debug|x86
		Release|ARM = Release|ARM
		Release|ARM64 = Release|ARM64
		Release|x64 = Release|x64
		Release|x86 = Release|x86
	EndGlobalSection
	GlobalSection(ProjectConfigurationPlatforms) = postSolution
		{899E6F17-3489-4A0B-B73E-4B7421C62DFD}.Debug|ARM.ActiveCfg = Debug|ARM
		{899E6F17-3489-4A0B-B73E-4B7421C62DFD}.Debug|ARM.Build.0 = Debug|ARM
		{899E6F17-3489-4A0B-B73E-4B7421C62DFD}.Debug|ARM64.ActiveCfg = Debug|ARM64
		{899E6F17-3489-4A0B-B73E-4B7421C62DFD}.Debug|ARM64.Build.0 = Debug|ARM64
		{899E6F17-3489-4A0B-B73E-4B7421C62DFD}.Debug|x64.ActiveCfg = Debug|x64
		{899E6F17-3489-4A0B-B73E-4B7421C62DFD}.Debug|x64.Build.0 = Debug|x64
		{899E6F17-3489-4A0B-B73E-4B7421C62DFD}.Debug|x86.ActiveCfg = Debug|Win32
		{899E6F17-3489-4A0B-B73E-4B7421C62DFD}.Debug|x86.Build.0 = Debug|Win32
		{899E6F17-3489-4A0B-B73E-4B7421C62DFD}.Release|ARM.ActiveCfg = Release|ARM
		{899E6F17-3489-4A0B-B73E-4B7421C62DFD}.Release|ARM.Build.0 = Release|ARM
		{899E6F17-3489-4A0B-B73E-4B7421C62DFD}.Release|ARM64.ActiveCfg = Release|ARM64
		{899E6F17-3489-4A0B-B73E-4B7421C62DFD}.Release|ARM64.Build.0 = Release|ARM64
		{899E6F17-3489-4A0B-B73E-4B7421C62DFD}.Release|x64.ActiveCfg = Release|x64
		{899E6F17-3489-4A0B-B73E-4B7421C62DFD}.Release|x64.Build.0 = Release|x64
		{899E6F17-3489-4A0B-B73E-4B7421C62DFD}.Release|x86.ActiveCfg = Release|Win32
		{899E6F17-3489-4A0B-B73E-4B7421C62DFD}.Release|x86.Build.0 = Release|Win32
	EndGlobalSection
	GlobalSection(SolutionProperties) = preSolution
		HideSolutionNode = FALSE
	EndGlobalSection
	GlobalSection(ExtensibilityGlobals) = postSolution
		SolutionGuid = {B64ECF52-3CE8-4F22-9CEE-2AD9F5243BF4}
	EndGlobalSection
EndGlobal
